
Microsoft Visual Studio Solution File, Format Version 12.00
# Visual Studio Version 16
VisualStudioVersion = 16.0.30002.166
MinimumVisualStudioVersion = 10.0.40219.1
Project("{9A19103F-16F7-4668-BE54-9A1E7A4F7556}") = "Infrastructure", "Infrastructure\Infrastructure.csproj", "{A800FE4B-D1EE-4821-8E8D-2E564EBAF8B3}"
EndProject
Project("{FAE04EC0-301F-11D3-BF4B-00C04F79EFBC}") = "Infrastructure.UnitTest", "Infrastructure.UnitTest\Infrastructure.UnitTest.csproj", "{1DA82228-3931-492E-9F55-06512C65B810}"
EndProject
Global
	GlobalSection(SolutionConfigurationPlatforms) = preSolution
		Debug|Any CPU = Debug|Any CPU
		Release|Any CPU = Release|Any CPU
	EndGlobalSection
	GlobalSection(ProjectConfigurationPlatforms) = postSolution
		{A800FE4B-D1EE-4821-8E8D-2E564EBAF8B3}.Debug|Any CPU.ActiveCfg = Debug|Any CPU
		{A800FE4B-D1EE-4821-8E8D-2E564EBAF8B3}.Debug|Any CPU.Build.0 = Debug|Any CPU
		{A800FE4B-D1EE-4821-8E8D-2E564EBAF8B3}.Release|Any CPU.ActiveCfg = Release|Any CPU
		{A800FE4B-D1EE-4821-8E8D-2E564EBAF8B3}.Release|Any CPU.Build.0 = Release|Any CPU
		{1DA82228-3931-492E-9F55-06512C65B810}.Debug|Any CPU.ActiveCfg = Debug|Any CPU
		{1DA82228-3931-492E-9F55-06512C65B810}.Debug|Any CPU.Build.0 = Debug|Any CPU
		{1DA82228-3931-492E-9F55-06512C65B810}.Release|Any CPU.ActiveCfg = Release|Any CPU
		{1DA82228-3931-492E-9F55-06512C65B810}.Release|Any CPU.Build.0 = Release|Any CPU
	EndGlobalSection
	GlobalSection(SolutionProperties) = preSolution
		HideSolutionNode = FALSE
	EndGlobalSection
	GlobalSection(ExtensibilityGlobals) = postSolution
		SolutionGuid = {394348BC-85E5-4CBA-BAFB-E6D8788F7CD3}
	EndGlobalSection
EndGlobal
